// !$*UTF8*$!
{
	archiveVersion = 1;
	classes = {
	};
	objectVersion = 56;
	objects = {

/* Begin PBXBuildFile section */
		37DEB74D2C0D27A500554611 /* AlphaToDoAppApp.swift in Sources */ = {isa = PBXBuildFile; fileRef = 37DEB74C2C0D27A500554611 /* AlphaToDoAppApp.swift */; };
		37DEB74F2C0D27A500554611 /* MainView.swift in Sources */ = {isa = PBXBuildFile; fileRef = 37DEB74E2C0D27A500554611 /* MainView.swift */; };
		37DEB7512C0D27A700554611 /* Assets.xcassets in Resources */ = {isa = PBXBuildFile; fileRef = 37DEB7502C0D27A700554611 /* Assets.xcassets */; };
		37DEB7542C0D27A700554611 /* Preview Assets.xcassets in Resources */ = {isa = PBXBuildFile; fileRef = 37DEB7532C0D27A700554611 /* Preview Assets.xcassets */; };
		37DEB75C2C0D283D00554611 /* FirebaseAuth in Frameworks */ = {isa = PBXBuildFile; productRef = 37DEB75B2C0D283D00554611 /* FirebaseAuth */; };
		37DEB75E2C0D283D00554611 /* FirebaseFirestore in Frameworks */ = {isa = PBXBuildFile; productRef = 37DEB75D2C0D283D00554611 /* FirebaseFirestore */; };
		37DEB7602C0D283D00554611 /* FirebaseFirestoreSwift in Frameworks */ = {isa = PBXBuildFile; productRef = 37DEB75F2C0D283D00554611 /* FirebaseFirestoreSwift */; };
		37DEB7642C0D298500554611 /* GoogleService-Info.plist in Resources */ = {isa = PBXBuildFile; fileRef = 37DEB7632C0D298500554611 /* GoogleService-Info.plist */; };
		37DEB76B2C0D2C1F00554611 /* ProfileView.swift in Sources */ = {isa = PBXBuildFile; fileRef = 37DEB76A2C0D2C1F00554611 /* ProfileView.swift */; };
		37DEB76D2C0D2C3000554611 /* ToDoListView.swift in Sources */ = {isa = PBXBuildFile; fileRef = 37DEB76C2C0D2C3000554611 /* ToDoListView.swift */; };
		37DEB76F2C0D2C3B00554611 /* NewİtemView.swift in Sources */ = {isa = PBXBuildFile; fileRef = 37DEB76E2C0D2C3B00554611 /* NewİtemView.swift */; };
		37DEB7712C0D2C4500554611 /* LoginView.swift in Sources */ = {isa = PBXBuildFile; fileRef = 37DEB7702C0D2C4500554611 /* LoginView.swift */; };
		37DEB7732C0D2C5600554611 /* RegisterView.swift in Sources */ = {isa = PBXBuildFile; fileRef = 37DEB7722C0D2C5600554611 /* RegisterView.swift */; };
		37DEB7752C0D2C7A00554611 /* ToDoListİtemView.swift in Sources */ = {isa = PBXBuildFile; fileRef = 37DEB7742C0D2C7A00554611 /* ToDoListİtemView.swift */; };
		37DEB7772C0D2CA200554611 /* User.swift in Sources */ = {isa = PBXBuildFile; fileRef = 37DEB7762C0D2CA200554611 /* User.swift */; };
		37DEB7792C0D2CB600554611 /* ToDoListİtem.swift in Sources */ = {isa = PBXBuildFile; fileRef = 37DEB7782C0D2CB600554611 /* ToDoListİtem.swift */; };
		37DEB77B2C0D2CE700554611 /* MainViewViewModel.swift in Sources */ = {isa = PBXBuildFile; fileRef = 37DEB77A2C0D2CE700554611 /* MainViewViewModel.swift */; };
		37DEB77D2C0D2CFD00554611 /* ProfilViewViewModel.swift in Sources */ = {isa = PBXBuildFile; fileRef = 37DEB77C2C0D2CFD00554611 /* ProfilViewViewModel.swift */; };
		37DEB77F2C0D2D0C00554611 /* NewİtemViewViewModel.swift in Sources */ = {isa = PBXBuildFile; fileRef = 37DEB77E2C0D2D0C00554611 /* NewİtemViewViewModel.swift */; };
		37DEB7812C0D2D2E00554611 /* LoginViewViewModel.swift in Sources */ = {isa = PBXBuildFile; fileRef = 37DEB7802C0D2D2E00554611 /* LoginViewViewModel.swift */; };
		37DEB7832C0D2D3D00554611 /* RegisterViewViewModel.swift in Sources */ = {isa = PBXBuildFile; fileRef = 37DEB7822C0D2D3D00554611 /* RegisterViewViewModel.swift */; };
		37DEB7852C0D2D5800554611 /* ToDoListViewViewModel.swift in Sources */ = {isa = PBXBuildFile; fileRef = 37DEB7842C0D2D5800554611 /* ToDoListViewViewModel.swift */; };
		37DEB7872C0D2D6A00554611 /* ToDoListİtemViewViewModel.swift in Sources */ = {isa = PBXBuildFile; fileRef = 37DEB7862C0D2D6A00554611 /* ToDoListİtemViewViewModel.swift */; };
		37DEB78A2C0D2FE700554611 /* SplineRuntime in Frameworks */ = {isa = PBXBuildFile; productRef = 37DEB7892C0D2FE700554611 /* SplineRuntime */; };
		37DEB78C2C0D3B7000554611 /* HeaderView.swift in Sources */ = {isa = PBXBuildFile; fileRef = 37DEB78B2C0D3B7000554611 /* HeaderView.swift */; };
		37DEB7902C0D4C3400554611 /* BigButton.swift in Sources */ = {isa = PBXBuildFile; fileRef = 37DEB78F2C0D4C3400554611 /* BigButton.swift */; };
		37DEB7932C0D654900554611 /* RiveRuntime in Frameworks */ = {isa = PBXBuildFile; productRef = 37DEB7922C0D654900554611 /* RiveRuntime */; };
		37DEB7952C0E238B00554611 /* Extansions.swift in Sources */ = {isa = PBXBuildFile; fileRef = 37DEB7942C0E238B00554611 /* Extansions.swift */; };
/* End PBXBuildFile section */

/* Begin PBXFileReference section */
		37DEB7492C0D27A500554611 /* AlphaToDoApp.app */ = {isa = PBXFileReference; explicitFileType = wrapper.application; includeInIndex = 0; path = AlphaToDoApp.app; sourceTree = BUILT_PRODUCTS_DIR; };
		37DEB74C2C0D27A500554611 /* AlphaToDoAppApp.swift */ = {isa = PBXFileReference; lastKnownFileType = sourcecode.swift; path = AlphaToDoAppApp.swift; sourceTree = "<group>"; };
		37DEB74E2C0D27A500554611 /* MainView.swift */ = {isa = PBXFileReference; lastKnownFileType = sourcecode.swift; path = MainView.swift; sourceTree = "<group>"; };
		37DEB7502C0D27A700554611 /* Assets.xcassets */ = {isa = PBXFileReference; lastKnownFileType = folder.assetcatalog; path = Assets.xcassets; sourceTree = "<group>"; };
		37DEB7532C0D27A700554611 /* Preview Assets.xcassets */ = {isa = PBXFileReference; lastKnownFileType = folder.assetcatalog; path = "Preview Assets.xcassets"; sourceTree = "<group>"; };
		37DEB7632C0D298500554611 /* GoogleService-Info.plist */ = {isa = PBXFileReference; fileEncoding = 4; lastKnownFileType = text.plist.xml; path = "GoogleService-Info.plist"; sourceTree = "<group>"; };
		37DEB76A2C0D2C1F00554611 /* ProfileView.swift */ = {isa = PBXFileReference; lastKnownFileType = sourcecode.swift; path = ProfileView.swift; sourceTree = "<group>"; };
		37DEB76C2C0D2C3000554611 /* ToDoListView.swift */ = {isa = PBXFileReference; lastKnownFileType = sourcecode.swift; path = ToDoListView.swift; sourceTree = "<group>"; };
		37DEB76E2C0D2C3B00554611 /* NewİtemView.swift */ = {isa = PBXFileReference; lastKnownFileType = sourcecode.swift; path = "NewİtemView.swift"; sourceTree = "<group>"; };
		37DEB7702C0D2C4500554611 /* LoginView.swift */ = {isa = PBXFileReference; lastKnownFileType = sourcecode.swift; path = LoginView.swift; sourceTree = "<group>"; };
		37DEB7722C0D2C5600554611 /* RegisterView.swift */ = {isa = PBXFileReference; lastKnownFileType = sourcecode.swift; path = RegisterView.swift; sourceTree = "<group>"; };
		37DEB7742C0D2C7A00554611 /* ToDoListİtemView.swift */ = {isa = PBXFileReference; lastKnownFileType = sourcecode.swift; path = "ToDoListİtemView.swift"; sourceTree = "<group>"; };
		37DEB7762C0D2CA200554611 /* User.swift */ = {isa = PBXFileReference; lastKnownFileType = sourcecode.swift; path = User.swift; sourceTree = "<group>"; };
		37DEB7782C0D2CB600554611 /* ToDoListİtem.swift */ = {isa = PBXFileReference; lastKnownFileType = sourcecode.swift; path = "ToDoListİtem.swift"; sourceTree = "<group>"; };
		37DEB77A2C0D2CE700554611 /* MainViewViewModel.swift */ = {isa = PBXFileReference; lastKnownFileType = sourcecode.swift; path = MainViewViewModel.swift; sourceTree = "<group>"; };
		37DEB77C2C0D2CFD00554611 /* ProfilViewViewModel.swift */ = {isa = PBXFileReference; lastKnownFileType = sourcecode.swift; path = ProfilViewViewModel.swift; sourceTree = "<group>"; };
		37DEB77E2C0D2D0C00554611 /* NewİtemViewViewModel.swift */ = {isa = PBXFileReference; lastKnownFileType = sourcecode.swift; path = "NewİtemViewViewModel.swift"; sourceTree = "<group>"; };
		37DEB7802C0D2D2E00554611 /* LoginViewViewModel.swift */ = {isa = PBXFileReference; lastKnownFileType = sourcecode.swift; path = LoginViewViewModel.swift; sourceTree = "<group>"; };
		37DEB7822C0D2D3D00554611 /* RegisterViewViewModel.swift */ = {isa = PBXFileReference; lastKnownFileType = sourcecode.swift; path = RegisterViewViewModel.swift; sourceTree = "<group>"; };
		37DEB7842C0D2D5800554611 /* ToDoListViewViewModel.swift */ = {isa = PBXFileReference; lastKnownFileType = sourcecode.swift; path = ToDoListViewViewModel.swift; sourceTree = "<group>"; };
		37DEB7862C0D2D6A00554611 /* ToDoListİtemViewViewModel.swift */ = {isa = PBXFileReference; lastKnownFileType = sourcecode.swift; path = "ToDoListİtemViewViewModel.swift"; sourceTree = "<group>"; };
		37DEB78B2C0D3B7000554611 /* HeaderView.swift */ = {isa = PBXFileReference; lastKnownFileType = sourcecode.swift; path = HeaderView.swift; sourceTree = "<group>"; };
		37DEB78F2C0D4C3400554611 /* BigButton.swift */ = {isa = PBXFileReference; lastKnownFileType = sourcecode.swift; path = BigButton.swift; sourceTree = "<group>"; };
		37DEB7942C0E238B00554611 /* Extansions.swift */ = {isa = PBXFileReference; lastKnownFileType = sourcecode.swift; path = Extansions.swift; sourceTree = "<group>"; };
/* End PBXFileReference section */

/* Begin PBXFrameworksBuildPhase section */
		37DEB7462C0D27A500554611 /* Frameworks */ = {
			isa = PBXFrameworksBuildPhase;
			buildActionMask = 2147483647;
			files = (
				37DEB7932C0D654900554611 /* RiveRuntime in Frameworks */,
				37DEB78A2C0D2FE700554611 /* SplineRuntime in Frameworks */,
				37DEB75C2C0D283D00554611 /* FirebaseAuth in Frameworks */,
				37DEB75E2C0D283D00554611 /* FirebaseFirestore in Frameworks */,
				37DEB7602C0D283D00554611 /* FirebaseFirestoreSwift in Frameworks */,
			);
			runOnlyForDeploymentPostprocessing = 0;
		};
/* End PBXFrameworksBuildPhase section */

/* Begin PBXGroup section */
		37DEB7402C0D27A500554611 = {
			isa = PBXGroup;
			children = (
				37DEB74B2C0D27A500554611 /* AlphaToDoApp */,
				37DEB74A2C0D27A500554611 /* Products */,
			);
			sourceTree = "<group>";
		};
		37DEB74A2C0D27A500554611 /* Products */ = {
			isa = PBXGroup;
			children = (
				37DEB7492C0D27A500554611 /* AlphaToDoApp.app */,
			);
			name = Products;
			sourceTree = "<group>";
		};
		37DEB74B2C0D27A500554611 /* AlphaToDoApp */ = {
			isa = PBXGroup;
			children = (
				37DEB7692C0D2B0300554611 /* Others */,
				37DEB7682C0D2AF800554611 /* ViewModels */,
				37DEB7662C0D2AAC00554611 /* Models */,
				37DEB7652C0D2AA400554611 /* View */,
				37DEB7522C0D27A700554611 /* Preview Content */,
			);
			path = AlphaToDoApp;
			sourceTree = "<group>";
		};
		37DEB7522C0D27A700554611 /* Preview Content */ = {
			isa = PBXGroup;
			children = (
				37DEB7532C0D27A700554611 /* Preview Assets.xcassets */,
			);
			path = "Preview Content";
			sourceTree = "<group>";
		};
		37DEB7652C0D2AA400554611 /* View */ = {
			isa = PBXGroup;
			children = (
				37DEB74E2C0D27A500554611 /* MainView.swift */,
				37DEB76A2C0D2C1F00554611 /* ProfileView.swift */,
				37DEB76E2C0D2C3B00554611 /* NewİtemView.swift */,
				37DEB7702C0D2C4500554611 /* LoginView.swift */,
				37DEB78B2C0D3B7000554611 /* HeaderView.swift */,
				37DEB7722C0D2C5600554611 /* RegisterView.swift */,
				37DEB76C2C0D2C3000554611 /* ToDoListView.swift */,
				37DEB7742C0D2C7A00554611 /* ToDoListİtemView.swift */,
				37DEB78F2C0D4C3400554611 /* BigButton.swift */,
			);
			path = View;
			sourceTree = "<group>";
		};
		37DEB7662C0D2AAC00554611 /* Models */ = {
			isa = PBXGroup;
			children = (
				37DEB7762C0D2CA200554611 /* User.swift */,
				37DEB7782C0D2CB600554611 /* ToDoListİtem.swift */,
			);
			path = Models;
			sourceTree = "<group>";
		};
		37DEB7682C0D2AF800554611 /* ViewModels */ = {
			isa = PBXGroup;
			children = (
				37DEB77A2C0D2CE700554611 /* MainViewViewModel.swift */,
				37DEB77C2C0D2CFD00554611 /* ProfilViewViewModel.swift */,
				37DEB77E2C0D2D0C00554611 /* NewİtemViewViewModel.swift */,
				37DEB7802C0D2D2E00554611 /* LoginViewViewModel.swift */,
				37DEB7822C0D2D3D00554611 /* RegisterViewViewModel.swift */,
				37DEB7842C0D2D5800554611 /* ToDoListViewViewModel.swift */,
				37DEB7862C0D2D6A00554611 /* ToDoListİtemViewViewModel.swift */,
			);
			path = ViewModels;
			sourceTree = "<group>";
		};
		37DEB7692C0D2B0300554611 /* Others */ = {
			isa = PBXGroup;
			children = (
				37DEB74C2C0D27A500554611 /* AlphaToDoAppApp.swift */,
				37DEB7632C0D298500554611 /* GoogleService-Info.plist */,
				37DEB7502C0D27A700554611 /* Assets.xcassets */,
				37DEB7942C0E238B00554611 /* Extansions.swift */,
			);
			path = Others;
			sourceTree = "<group>";
		};
/* End PBXGroup section */

/* Begin PBXNativeTarget section */
		37DEB7482C0D27A500554611 /* AlphaToDoApp */ = {
			isa = PBXNativeTarget;
			buildConfigurationList = 37DEB7572C0D27A700554611 /* Build configuration list for PBXNativeTarget "AlphaToDoApp" */;
			buildPhases = (
				37DEB7452C0D27A500554611 /* Sources */,
				37DEB7462C0D27A500554611 /* Frameworks */,
				37DEB7472C0D27A500554611 /* Resources */,
			);
			buildRules = (
			);
			dependencies = (
			);
			name = AlphaToDoApp;
			packageProductDependencies = (
				37DEB75B2C0D283D00554611 /* FirebaseAuth */,
				37DEB75D2C0D283D00554611 /* FirebaseFirestore */,
				37DEB75F2C0D283D00554611 /* FirebaseFirestoreSwift */,
				37DEB7892C0D2FE700554611 /* SplineRuntime */,
				37DEB7922C0D654900554611 /* RiveRuntime */,
			);
			productName = AlphaToDoApp;
			productReference = 37DEB7492C0D27A500554611 /* AlphaToDoApp.app */;
			productType = "com.apple.product-type.application";
		};
/* End PBXNativeTarget section */

/* Begin PBXProject section */
		37DEB7412C0D27A500554611 /* Project object */ = {
			isa = PBXProject;
			attributes = {
				BuildIndependentTargetsInParallel = 1;
				LastSwiftUpdateCheck = 1540;
				LastUpgradeCheck = 1540;
				TargetAttributes = {
					37DEB7482C0D27A500554611 = {
						CreatedOnToolsVersion = 15.4;
					};
				};
			};
			buildConfigurationList = 37DEB7442C0D27A500554611 /* Build configuration list for PBXProject "AlphaToDoApp" */;
			compatibilityVersion = "Xcode 14.0";
			developmentRegion = en;
			hasScannedForEncodings = 0;
			knownRegions = (
				en,
				Base,
			);
			mainGroup = 37DEB7402C0D27A500554611;
			packageReferences = (
				37DEB75A2C0D283D00554611 /* XCRemoteSwiftPackageReference "firebase-ios-sdk" */,
				37DEB7882C0D2FE700554611 /* XCRemoteSwiftPackageReference "spline-ios" */,
				37DEB7912C0D654900554611 /* XCRemoteSwiftPackageReference "rive-ios" */,
			);
			productRefGroup = 37DEB74A2C0D27A500554611 /* Products */;
			projectDirPath = "";
			projectRoot = "";
			targets = (
				37DEB7482C0D27A500554611 /* AlphaToDoApp */,
			);
		};
/* End PBXProject section */

/* Begin PBXResourcesBuildPhase section */
		37DEB7472C0D27A500554611 /* Resources */ = {
			isa = PBXResourcesBuildPhase;
			buildActionMask = 2147483647;
			files = (
				37DEB7542C0D27A700554611 /* Preview Assets.xcassets in Resources */,
				37DEB7512C0D27A700554611 /* Assets.xcassets in Resources */,
				37DEB7642C0D298500554611 /* GoogleService-Info.plist in Resources */,
			);
			runOnlyForDeploymentPostprocessing = 0;
		};
/* End PBXResourcesBuildPhase section */

/* Begin PBXSourcesBuildPhase section */
		37DEB7452C0D27A500554611 /* Sources */ = {
			isa = PBXSourcesBuildPhase;
			buildActionMask = 2147483647;
			files = (
				37DEB7712C0D2C4500554611 /* LoginView.swift in Sources */,
				37DEB78C2C0D3B7000554611 /* HeaderView.swift in Sources */,
				37DEB7812C0D2D2E00554611 /* LoginViewViewModel.swift in Sources */,
				37DEB74F2C0D27A500554611 /* MainView.swift in Sources */,
				37DEB77B2C0D2CE700554611 /* MainViewViewModel.swift in Sources */,
				37DEB76F2C0D2C3B00554611 /* NewİtemView.swift in Sources */,
				37DEB7872C0D2D6A00554611 /* ToDoListİtemViewViewModel.swift in Sources */,
				37DEB7832C0D2D3D00554611 /* RegisterViewViewModel.swift in Sources */,
				37DEB7902C0D4C3400554611 /* BigButton.swift in Sources */,
				37DEB7732C0D2C5600554611 /* RegisterView.swift in Sources */,
				37DEB7792C0D2CB600554611 /* ToDoListİtem.swift in Sources */,
				37DEB76B2C0D2C1F00554611 /* ProfileView.swift in Sources */,
				37DEB77F2C0D2D0C00554611 /* NewİtemViewViewModel.swift in Sources */,
				37DEB7772C0D2CA200554611 /* User.swift in Sources */,
				37DEB7752C0D2C7A00554611 /* ToDoListİtemView.swift in Sources */,
				37DEB76D2C0D2C3000554611 /* ToDoListView.swift in Sources */,
				37DEB74D2C0D27A500554611 /* AlphaToDoAppApp.swift in Sources */,
				37DEB77D2C0D2CFD00554611 /* ProfilViewViewModel.swift in Sources */,
				37DEB7852C0D2D5800554611 /* ToDoListViewViewModel.swift in Sources */,
				37DEB7952C0E238B00554611 /* Extansions.swift in Sources */,
			);
			runOnlyForDeploymentPostprocessing = 0;
		};
/* End PBXSourcesBuildPhase section */

/* Begin XCBuildConfiguration section */
		37DEB7552C0D27A700554611 /* Debug */ = {
			isa = XCBuildConfiguration;
			buildSettings = {
				ALWAYS_SEARCH_USER_PATHS = NO;
				ASSETCATALOG_COMPILER_GENERATE_SWIFT_ASSET_SYMBOL_EXTENSIONS = YES;
				CLANG_ANALYZER_NONNULL = YES;
				CLANG_ANALYZER_NUMBER_OBJECT_CONVERSION = YES_AGGRESSIVE;
				CLANG_CXX_LANGUAGE_STANDARD = "gnu++20";
				CLANG_ENABLE_MODULES = YES;
				CLANG_ENABLE_OBJC_ARC = YES;
				CLANG_ENABLE_OBJC_WEAK = YES;
				CLANG_WARN_BLOCK_CAPTURE_AUTORELEASING = YES;
				CLANG_WARN_BOOL_CONVERSION = YES;
				CLANG_WARN_COMMA = YES;
				CLANG_WARN_CONSTANT_CONVERSION = YES;
				CLANG_WARN_DEPRECATED_OBJC_IMPLEMENTATIONS = YES;
				CLANG_WARN_DIRECT_OBJC_ISA_USAGE = YES_ERROR;
				CLANG_WARN_DOCUMENTATION_COMMENTS = YES;
				CLANG_WARN_EMPTY_BODY = YES;
				CLANG_WARN_ENUM_CONVERSION = YES;
				CLANG_WARN_INFINITE_RECURSION = YES;
				CLANG_WARN_INT_CONVERSION = YES;
				CLANG_WARN_NON_LITERAL_NULL_CONVERSION = YES;
				CLANG_WARN_OBJC_IMPLICIT_RETAIN_SELF = YES;
				CLANG_WARN_OBJC_LITERAL_CONVERSION = YES;
				CLANG_WARN_OBJC_ROOT_CLASS = YES_ERROR;
				CLANG_WARN_QUOTED_INCLUDE_IN_FRAMEWORK_HEADER = YES;
				CLANG_WARN_RANGE_LOOP_ANALYSIS = YES;
				CLANG_WARN_STRICT_PROTOTYPES = YES;
				CLANG_WARN_SUSPICIOUS_MOVE = YES;
				CLANG_WARN_UNGUARDED_AVAILABILITY = YES_AGGRESSIVE;
				CLANG_WARN_UNREACHABLE_CODE = YES;
				CLANG_WARN__DUPLICATE_METHOD_MATCH = YES;
				COPY_PHASE_STRIP = NO;
				DEBUG_INFORMATION_FORMAT = dwarf;
				ENABLE_STRICT_OBJC_MSGSEND = YES;
				ENABLE_TESTABILITY = YES;
				ENABLE_USER_SCRIPT_SANDBOXING = YES;
				GCC_C_LANGUAGE_STANDARD = gnu17;
				GCC_DYNAMIC_NO_PIC = NO;
				GCC_NO_COMMON_BLOCKS = YES;
				GCC_OPTIMIZATION_LEVEL = 0;
				GCC_PREPROCESSOR_DEFINITIONS = (
					"DEBUG=1",
					"$(inherited)",
				);
				GCC_WARN_64_TO_32_BIT_CONVERSION = YES;
				GCC_WARN_ABOUT_RETURN_TYPE = YES_ERROR;
				GCC_WARN_UNDECLARED_SELECTOR = YES;
				GCC_WARN_UNINITIALIZED_AUTOS = YES_AGGRESSIVE;
				GCC_WARN_UNUSED_FUNCTION = YES;
				GCC_WARN_UNUSED_VARIABLE = YES;
				IPHONEOS_DEPLOYMENT_TARGET = 17.5;
				LOCALIZATION_PREFERS_STRING_CATALOGS = YES;
				MTL_ENABLE_DEBUG_INFO = INCLUDE_SOURCE;
				MTL_FAST_MATH = YES;
				ONLY_ACTIVE_ARCH = YES;
				SDKROOT = iphoneos;
				SWIFT_ACTIVE_COMPILATION_CONDITIONS = "DEBUG $(inherited)";
				SWIFT_OPTIMIZATION_LEVEL = "-Onone";
			};
			name = Debug;
		};
		37DEB7562C0D27A700554611 /* Release */ = {
			isa = XCBuildConfiguration;
			buildSettings = {
				ALWAYS_SEARCH_USER_PATHS = NO;
				ASSETCATALOG_COMPILER_GENERATE_SWIFT_ASSET_SYMBOL_EXTENSIONS = YES;
				CLANG_ANALYZER_NONNULL = YES;
				CLANG_ANALYZER_NUMBER_OBJECT_CONVERSION = YES_AGGRESSIVE;
				CLANG_CXX_LANGUAGE_STANDARD = "gnu++20";
				CLANG_ENABLE_MODULES = YES;
				CLANG_ENABLE_OBJC_ARC = YES;
				CLANG_ENABLE_OBJC_WEAK = YES;
				CLANG_WARN_BLOCK_CAPTURE_AUTORELEASING = YES;
				CLANG_WARN_BOOL_CONVERSION = YES;
				CLANG_WARN_COMMA = YES;
				CLANG_WARN_CONSTANT_CONVERSION = YES;
				CLANG_WARN_DEPRECATED_OBJC_IMPLEMENTATIONS = YES;
				CLANG_WARN_DIRECT_OBJC_ISA_USAGE = YES_ERROR;
				CLANG_WARN_DOCUMENTATION_COMMENTS = YES;
				CLANG_WARN_EMPTY_BODY = YES;
				CLANG_WARN_ENUM_CONVERSION = YES;
				CLANG_WARN_INFINITE_RECURSION = YES;
				CLANG_WARN_INT_CONVERSION = YES;
				CLANG_WARN_NON_LITERAL_NULL_CONVERSION = YES;
				CLANG_WARN_OBJC_IMPLICIT_RETAIN_SELF = YES;
				CLANG_WARN_OBJC_LITERAL_CONVERSION = YES;
				CLANG_WARN_OBJC_ROOT_CLASS = YES_ERROR;
				CLANG_WARN_QUOTED_INCLUDE_IN_FRAMEWORK_HEADER = YES;
				CLANG_WARN_RANGE_LOOP_ANALYSIS = YES;
				CLANG_WARN_STRICT_PROTOTYPES = YES;
				CLANG_WARN_SUSPICIOUS_MOVE = YES;
				CLANG_WARN_UNGUARDED_AVAILABILITY = YES_AGGRESSIVE;
				CLANG_WARN_UNREACHABLE_CODE = YES;
				CLANG_WARN__DUPLICATE_METHOD_MATCH = YES;
				COPY_PHASE_STRIP = NO;
				DEBUG_INFORMATION_FORMAT = "dwarf-with-dsym";
				ENABLE_NS_ASSERTIONS = NO;
				ENABLE_STRICT_OBJC_MSGSEND = YES;
				ENABLE_USER_SCRIPT_SANDBOXING = YES;
				GCC_C_LANGUAGE_STANDARD = gnu17;
				GCC_NO_COMMON_BLOCKS = YES;
				GCC_WARN_64_TO_32_BIT_CONVERSION = YES;
				GCC_WARN_ABOUT_RETURN_TYPE = YES_ERROR;
				GCC_WARN_UNDECLARED_SELECTOR = YES;
				GCC_WARN_UNINITIALIZED_AUTOS = YES_AGGRESSIVE;
				GCC_WARN_UNUSED_FUNCTION = YES;
				GCC_WARN_UNUSED_VARIABLE = YES;
				IPHONEOS_DEPLOYMENT_TARGET = 17.5;
				LOCALIZATION_PREFERS_STRING_CATALOGS = YES;
				MTL_ENABLE_DEBUG_INFO = NO;
				MTL_FAST_MATH = YES;
				SDKROOT = iphoneos;
				SWIFT_COMPILATION_MODE = wholemodule;
				VALIDATE_PRODUCT = YES;
			};
			name = Release;
		};
		37DEB7582C0D27A700554611 /* Debug */ = {
			isa = XCBuildConfiguration;
			buildSettings = {
				ASSETCATALOG_COMPILER_APPICON_NAME = AppIcon;
				ASSETCATALOG_COMPILER_GLOBAL_ACCENT_COLOR_NAME = AccentColor;
				CODE_SIGN_STYLE = Automatic;
				CURRENT_PROJECT_VERSION = 1;
				DEVELOPMENT_ASSET_PATHS = "\"AlphaToDoApp/Preview Content\"";
				DEVELOPMENT_TEAM = 2M98MY3M36;
				ENABLE_PREVIEWS = YES;
				GENERATE_INFOPLIST_FILE = YES;
				INFOPLIST_KEY_CFBundleDisplayName = ToDoApp;
				INFOPLIST_KEY_UIApplicationSceneManifest_Generation = YES;
				INFOPLIST_KEY_UIApplicationSupportsIndirectInputEvents = YES;
				INFOPLIST_KEY_UILaunchScreen_Generation = YES;
				INFOPLIST_KEY_UISupportedInterfaceOrientations = UIInterfaceOrientationPortrait;
				LD_RUNPATH_SEARCH_PATHS = (
					"$(inherited)",
					"@executable_path/Frameworks",
				);
				MARKETING_VERSION = 1.0;
				PRODUCT_BUNDLE_IDENTIFIER = com.onuranil.AlphaToDoApp;
				PRODUCT_NAME = "$(TARGET_NAME)";
				SWIFT_EMIT_LOC_STRINGS = YES;
				SWIFT_VERSION = 5.0;
				TARGETED_DEVICE_FAMILY = "1,2";
			};
			name = Debug;
		};
		37DEB7592C0D27A700554611 /* Release */ = {
			isa = XCBuildConfiguration;
			buildSettings = {
				ASSETCATALOG_COMPILER_APPICON_NAME = AppIcon;
				ASSETCATALOG_COMPILER_GLOBAL_ACCENT_COLOR_NAME = AccentColor;
				CODE_SIGN_STYLE = Automatic;
				CURRENT_PROJECT_VERSION = 1;
				DEVELOPMENT_ASSET_PATHS = "\"AlphaToDoApp/Preview Content\"";
				DEVELOPMENT_TEAM = 2M98MY3M36;
				ENABLE_PREVIEWS = YES;
				GENERATE_INFOPLIST_FILE = YES;
				INFOPLIST_KEY_CFBundleDisplayName = ToDoApp;
				INFOPLIST_KEY_UIApplicationSceneManifest_Generation = YES;
				INFOPLIST_KEY_UIApplicationSupportsIndirectInputEvents = YES;
				INFOPLIST_KEY_UILaunchScreen_Generation = YES;
				INFOPLIST_KEY_UISupportedInterfaceOrientations = UIInterfaceOrientationPortrait;
				LD_RUNPATH_SEARCH_PATHS = (
					"$(inherited)",
					"@executable_path/Frameworks",
				);
				MARKETING_VERSION = 1.0;
				PRODUCT_BUNDLE_IDENTIFIER = com.onuranil.AlphaToDoApp;
				PRODUCT_NAME = "$(TARGET_NAME)";
				SWIFT_EMIT_LOC_STRINGS = YES;
				SWIFT_VERSION = 5.0;
				TARGETED_DEVICE_FAMILY = "1,2";
			};
			name = Release;
		};
/* End XCBuildConfiguration section */

/* Begin XCConfigurationList section */
		37DEB7442C0D27A500554611 /* Build configuration list for PBXProject "AlphaToDoApp" */ = {
			isa = XCConfigurationList;
			buildConfigurations = (
				37DEB7552C0D27A700554611 /* Debug */,
				37DEB7562C0D27A700554611 /* Release */,
			);
			defaultConfigurationIsVisible = 0;
			defaultConfigurationName = Release;
		};
		37DEB7572C0D27A700554611 /* Build configuration list for PBXNativeTarget "AlphaToDoApp" */ = {
			isa = XCConfigurationList;
			buildConfigurations = (
				37DEB7582C0D27A700554611 /* Debug */,
				37DEB7592C0D27A700554611 /* Release */,
			);
			defaultConfigurationIsVisible = 0;
			defaultConfigurationName = Release;
		};
/* End XCConfigurationList section */

/* Begin XCRemoteSwiftPackageReference section */
		37DEB75A2C0D283D00554611 /* XCRemoteSwiftPackageReference "firebase-ios-sdk" */ = {
			isa = XCRemoteSwiftPackageReference;
			repositoryURL = "https://github.com/firebase/firebase-ios-sdk";
			requirement = {
				kind = upToNextMajorVersion;
				minimumVersion = 10.27.0;
			};
		};
		37DEB7882C0D2FE700554611 /* XCRemoteSwiftPackageReference "spline-ios" */ = {
			isa = XCRemoteSwiftPackageReference;
			repositoryURL = "https://github.com/splinetool/spline-ios.git";
			requirement = {
				branch = main;
				kind = branch;
			};
		};
		37DEB7912C0D654900554611 /* XCRemoteSwiftPackageReference "rive-ios" */ = {
			isa = XCRemoteSwiftPackageReference;
			repositoryURL = "https://github.com/rive-app/rive-ios";
			requirement = {
				kind = upToNextMajorVersion;
				minimumVersion = 5.12.0;
			};
		};
/* End XCRemoteSwiftPackageReference section */

/* Begin XCSwiftPackageProductDependency section */
		37DEB75B2C0D283D00554611 /* FirebaseAuth */ = {
			isa = XCSwiftPackageProductDependency;
			package = 37DEB75A2C0D283D00554611 /* XCRemoteSwiftPackageReference "firebase-ios-sdk" */;
			productName = FirebaseAuth;
		};
		37DEB75D2C0D283D00554611 /* FirebaseFirestore */ = {
			isa = XCSwiftPackageProductDependency;
			package = 37DEB75A2C0D283D00554611 /* XCRemoteSwiftPackageReference "firebase-ios-sdk" */;
			productName = FirebaseFirestore;
		};
		37DEB75F2C0D283D00554611 /* FirebaseFirestoreSwift */ = {
			isa = XCSwiftPackageProductDependency;
			package = 37DEB75A2C0D283D00554611 /* XCRemoteSwiftPackageReference "firebase-ios-sdk" */;
			productName = FirebaseFirestoreSwift;
		};
		37DEB7892C0D2FE700554611 /* SplineRuntime */ = {
			isa = XCSwiftPackageProductDependency;
			package = 37DEB7882C0D2FE700554611 /* XCRemoteSwiftPackageReference "spline-ios" */;
			productName = SplineRuntime;
		};
		37DEB7922C0D654900554611 /* RiveRuntime */ = {
			isa = XCSwiftPackageProductDependency;
			package = 37DEB7912C0D654900554611 /* XCRemoteSwiftPackageReference "rive-ios" */;
			productName = RiveRuntime;
		};
/* End XCSwiftPackageProductDependency section */
	};
	rootObject = 37DEB7412C0D27A500554611 /* Project object */;
}
